
Microsoft Visual Studio Solution File, Format Version 12.00
# Visual Studio Version 16
VisualStudioVersion = 16.0.30225.117
MinimumVisualStudioVersion = 10.0.40219.1
Project("{FAE04EC0-301F-11D3-BF4B-00C04F79EFBC}") = "Shapes", "Shapes\Shapes.csproj", "{08DB02E8-9E26-4309-B5CB-1DE72A127692}"
EndProject
Project("{FAE04EC0-301F-11D3-BF4B-00C04F79EFBC}") = "Cars", "Cars\Cars.csproj", "{30F954CE-A768-45A9-9021-1B6257E50968}"
EndProject
Global
	GlobalSection(SolutionConfigurationPlatforms) = preSolution
		Debug|Any CPU = Debug|Any CPU
		Release|Any CPU = Release|Any CPU
	EndGlobalSection
	GlobalSection(ProjectConfigurationPlatforms) = postSolution
		{08DB02E8-9E26-4309-B5CB-1DE72A127692}.Debug|Any CPU.ActiveCfg = Debug|Any CPU
		{08DB02E8-9E26-4309-B5CB-1DE72A127692}.Debug|Any CPU.Build.0 = Debug|Any CPU
		{08DB02E8-9E26-4309-B5CB-1DE72A127692}.Release|Any CPU.ActiveCfg = Release|Any CPU
		{08DB02E8-9E26-4309-B5CB-1DE72A127692}.Release|Any CPU.Build.0 = Release|Any CPU
		{30F954CE-A768-45A9-9021-1B6257E50968}.Debug|Any CPU.ActiveCfg = Debug|Any CPU
		{30F954CE-A768-45A9-9021-1B6257E50968}.Debug|Any CPU.Build.0 = Debug|Any CPU
		{30F954CE-A768-45A9-9021-1B6257E50968}.Release|Any CPU.ActiveCfg = Release|Any CPU
		{30F954CE-A768-45A9-9021-1B6257E50968}.Release|Any CPU.Build.0 = Release|Any CPU
	EndGlobalSection
	GlobalSection(SolutionProperties) = preSolution
		HideSolutionNode = FALSE
	EndGlobalSection
	GlobalSection(ExtensibilityGlobals) = postSolution
		SolutionGuid = {0F42E8FB-16E3-4E54-8A8B-6733508DB50A}
	EndGlobalSection
EndGlobal
