
Microsoft Visual Studio Solution File, Format Version 12.00
# Visual Studio Version 16
VisualStudioVersion = 16.0.30225.117
MinimumVisualStudioVersion = 10.0.40219.1
Project("{FAE04EC0-301F-11D3-BF4B-00C04F79EFBC}") = "ClassBox", "ClassBox\ClassBox.csproj", "{1D0BF8CE-2406-4633-8519-AA245E489C1B}"
EndProject
Project("{9A19103F-16F7-4668-BE54-9A1E7A4F7556}") = "AnimalFarm", "AnimalFarm\AnimalFarm.csproj", "{EBD68CB0-EDCE-40C0-8D10-2EFA1E98BBF9}"
EndProject
Project("{FAE04EC0-301F-11D3-BF4B-00C04F79EFBC}") = "ShoppingSpree", "ShoppingSpree\ShoppingSpree.csproj", "{E28C57BC-B38A-45EE-8B1D-DF36F30A5EFB}"
EndProject
Global
	GlobalSection(SolutionConfigurationPlatforms) = preSolution
		Debug|Any CPU = Debug|Any CPU
		Release|Any CPU = Release|Any CPU
	EndGlobalSection
	GlobalSection(ProjectConfigurationPlatforms) = postSolution
		{1D0BF8CE-2406-4633-8519-AA245E489C1B}.Debug|Any CPU.ActiveCfg = Debug|Any CPU
		{1D0BF8CE-2406-4633-8519-AA245E489C1B}.Debug|Any CPU.Build.0 = Debug|Any CPU
		{1D0BF8CE-2406-4633-8519-AA245E489C1B}.Release|Any CPU.ActiveCfg = Release|Any CPU
		{1D0BF8CE-2406-4633-8519-AA245E489C1B}.Release|Any CPU.Build.0 = Release|Any CPU
		{EBD68CB0-EDCE-40C0-8D10-2EFA1E98BBF9}.Debug|Any CPU.ActiveCfg = Debug|Any CPU
		{EBD68CB0-EDCE-40C0-8D10-2EFA1E98BBF9}.Debug|Any CPU.Build.0 = Debug|Any CPU
		{EBD68CB0-EDCE-40C0-8D10-2EFA1E98BBF9}.Release|Any CPU.ActiveCfg = Release|Any CPU
		{EBD68CB0-EDCE-40C0-8D10-2EFA1E98BBF9}.Release|Any CPU.Build.0 = Release|Any CPU
		{E28C57BC-B38A-45EE-8B1D-DF36F30A5EFB}.Debug|Any CPU.ActiveCfg = Debug|Any CPU
		{E28C57BC-B38A-45EE-8B1D-DF36F30A5EFB}.Debug|Any CPU.Build.0 = Debug|Any CPU
		{E28C57BC-B38A-45EE-8B1D-DF36F30A5EFB}.Release|Any CPU.ActiveCfg = Release|Any CPU
		{E28C57BC-B38A-45EE-8B1D-DF36F30A5EFB}.Release|Any CPU.Build.0 = Release|Any CPU
	EndGlobalSection
	GlobalSection(SolutionProperties) = preSolution
		HideSolutionNode = FALSE
	EndGlobalSection
	GlobalSection(ExtensibilityGlobals) = postSolution
		SolutionGuid = {86CB96E0-0CEA-47AE-BD7F-3F5FF2E7EDB4}
	EndGlobalSection
EndGlobal
