
Microsoft Visual Studio Solution File, Format Version 12.00
# Visual Studio Version 16
VisualStudioVersion = 16.0.30225.117
MinimumVisualStudioVersion = 10.0.40219.1
Project("{FAE04EC0-301F-11D3-BF4B-00C04F79EFBC}") = "OddLines", "OddLines\OddLines.csproj", "{AFC78CCD-0AD7-4497-B949-65F6BF5D4F61}"
EndProject
Global
	GlobalSection(SolutionConfigurationPlatforms) = preSolution
		Debug|Any CPU = Debug|Any CPU
		Release|Any CPU = Release|Any CPU
	EndGlobalSection
	GlobalSection(ProjectConfigurationPlatforms) = postSolution
		{AFC78CCD-0AD7-4497-B949-65F6BF5D4F61}.Debug|Any CPU.ActiveCfg = Debug|Any CPU
		{AFC78CCD-0AD7-4497-B949-65F6BF5D4F61}.Debug|Any CPU.Build.0 = Debug|Any CPU
		{AFC78CCD-0AD7-4497-B949-65F6BF5D4F61}.Release|Any CPU.ActiveCfg = Release|Any CPU
		{AFC78CCD-0AD7-4497-B949-65F6BF5D4F61}.Release|Any CPU.Build.0 = Release|Any CPU
	EndGlobalSection
	GlobalSection(SolutionProperties) = preSolution
		HideSolutionNode = FALSE
	EndGlobalSection
	GlobalSection(ExtensibilityGlobals) = postSolution
		SolutionGuid = {AC0F1383-F145-4742-B4CC-AE5EE705040D}
	EndGlobalSection
EndGlobal
