
Microsoft Visual Studio Solution File, Format Version 12.00
# Visual Studio Version 16
VisualStudioVersion = 16.0.30225.117
MinimumVisualStudioVersion = 10.0.40219.1
Project("{FAE04EC0-301F-11D3-BF4B-00C04F79EFBC}") = "ImplementingLists", "ImplementingLists\ImplementingLists.csproj", "{382CE06F-F628-4709-B018-6217DFC0901B}"
EndProject
Global
	GlobalSection(SolutionConfigurationPlatforms) = preSolution
		Debug|Any CPU = Debug|Any CPU
		Release|Any CPU = Release|Any CPU
	EndGlobalSection
	GlobalSection(ProjectConfigurationPlatforms) = postSolution
		{382CE06F-F628-4709-B018-6217DFC0901B}.Debug|Any CPU.ActiveCfg = Debug|Any CPU
		{382CE06F-F628-4709-B018-6217DFC0901B}.Debug|Any CPU.Build.0 = Debug|Any CPU
		{382CE06F-F628-4709-B018-6217DFC0901B}.Release|Any CPU.ActiveCfg = Release|Any CPU
		{382CE06F-F628-4709-B018-6217DFC0901B}.Release|Any CPU.Build.0 = Release|Any CPU
	EndGlobalSection
	GlobalSection(SolutionProperties) = preSolution
		HideSolutionNode = FALSE
	EndGlobalSection
	GlobalSection(ExtensibilityGlobals) = postSolution
		SolutionGuid = {59A9FC7D-0FAC-422B-BA55-4874F68311C2}
	EndGlobalSection
EndGlobal
