
Microsoft Visual Studio Solution File, Format Version 12.00
# Visual Studio Version 16
VisualStudioVersion = 16.0.30225.117
MinimumVisualStudioVersion = 10.0.40219.1
Project("{FAE04EC0-301F-11D3-BF4B-00C04F79EFBC}") = "ProblemOne", "ProblemOne\ProblemOne.csproj", "{4682B183-E593-4880-97AC-FE2CE83746F9}"
EndProject
Project("{FAE04EC0-301F-11D3-BF4B-00C04F79EFBC}") = "ProblemTwo", "ProblemTwo\ProblemTwo.csproj", "{2EDB358F-BD77-4F1A-9B85-CC5A9A450071}"
EndProject
Global
	GlobalSection(SolutionConfigurationPlatforms) = preSolution
		Debug|Any CPU = Debug|Any CPU
		Release|Any CPU = Release|Any CPU
	EndGlobalSection
	GlobalSection(ProjectConfigurationPlatforms) = postSolution
		{4682B183-E593-4880-97AC-FE2CE83746F9}.Debug|Any CPU.ActiveCfg = Debug|Any CPU
		{4682B183-E593-4880-97AC-FE2CE83746F9}.Debug|Any CPU.Build.0 = Debug|Any CPU
		{4682B183-E593-4880-97AC-FE2CE83746F9}.Release|Any CPU.ActiveCfg = Release|Any CPU
		{4682B183-E593-4880-97AC-FE2CE83746F9}.Release|Any CPU.Build.0 = Release|Any CPU
		{2EDB358F-BD77-4F1A-9B85-CC5A9A450071}.Debug|Any CPU.ActiveCfg = Debug|Any CPU
		{2EDB358F-BD77-4F1A-9B85-CC5A9A450071}.Debug|Any CPU.Build.0 = Debug|Any CPU
		{2EDB358F-BD77-4F1A-9B85-CC5A9A450071}.Release|Any CPU.ActiveCfg = Release|Any CPU
		{2EDB358F-BD77-4F1A-9B85-CC5A9A450071}.Release|Any CPU.Build.0 = Release|Any CPU
	EndGlobalSection
	GlobalSection(SolutionProperties) = preSolution
		HideSolutionNode = FALSE
	EndGlobalSection
	GlobalSection(ExtensibilityGlobals) = postSolution
		SolutionGuid = {2D561A16-2514-4E61-877E-33DC45E60086}
	EndGlobalSection
EndGlobal
