
Microsoft Visual Studio Solution File, Format Version 12.00
# Visual Studio Version 16
VisualStudioVersion = 16.0.30225.117
MinimumVisualStudioVersion = 10.0.40219.1
Project("{FAE04EC0-301F-11D3-BF4B-00C04F79EFBC}") = "GenericBoxString", "GenericBoxString\GenericBoxString.csproj", "{CD551BAC-B213-4854-ABF7-BDF1E2CDD7FE}"
EndProject
Project("{FAE04EC0-301F-11D3-BF4B-00C04F79EFBC}") = "GenericBoxInt", "GenericBoxInt\GenericBoxInt.csproj", "{2F6BFA8D-B280-4DFB-A562-7008FFCE9A68}"
EndProject
Project("{FAE04EC0-301F-11D3-BF4B-00C04F79EFBC}") = "GenericSwap", "GenericSwap\GenericSwap.csproj", "{CE5E9DB3-0DAF-4D7A-9874-C0A02F930AE2}"
EndProject
Project("{FAE04EC0-301F-11D3-BF4B-00C04F79EFBC}") = "GenericSwapInt", "GenericSwapInt\GenericSwapInt.csproj", "{9BD038CF-8FF4-4E03-80C7-01E9E50C310A}"
EndProject
Project("{FAE04EC0-301F-11D3-BF4B-00C04F79EFBC}") = "GenericCount", "GenericCount\GenericCount.csproj", "{042E82B8-1149-4631-8113-5DD3C48A62B4}"
EndProject
Global
	GlobalSection(SolutionConfigurationPlatforms) = preSolution
		Debug|Any CPU = Debug|Any CPU
		Release|Any CPU = Release|Any CPU
	EndGlobalSection
	GlobalSection(ProjectConfigurationPlatforms) = postSolution
		{CD551BAC-B213-4854-ABF7-BDF1E2CDD7FE}.Debug|Any CPU.ActiveCfg = Debug|Any CPU
		{CD551BAC-B213-4854-ABF7-BDF1E2CDD7FE}.Debug|Any CPU.Build.0 = Debug|Any CPU
		{CD551BAC-B213-4854-ABF7-BDF1E2CDD7FE}.Release|Any CPU.ActiveCfg = Release|Any CPU
		{CD551BAC-B213-4854-ABF7-BDF1E2CDD7FE}.Release|Any CPU.Build.0 = Release|Any CPU
		{2F6BFA8D-B280-4DFB-A562-7008FFCE9A68}.Debug|Any CPU.ActiveCfg = Debug|Any CPU
		{2F6BFA8D-B280-4DFB-A562-7008FFCE9A68}.Debug|Any CPU.Build.0 = Debug|Any CPU
		{2F6BFA8D-B280-4DFB-A562-7008FFCE9A68}.Release|Any CPU.ActiveCfg = Release|Any CPU
		{2F6BFA8D-B280-4DFB-A562-7008FFCE9A68}.Release|Any CPU.Build.0 = Release|Any CPU
		{CE5E9DB3-0DAF-4D7A-9874-C0A02F930AE2}.Debug|Any CPU.ActiveCfg = Debug|Any CPU
		{CE5E9DB3-0DAF-4D7A-9874-C0A02F930AE2}.Debug|Any CPU.Build.0 = Debug|Any CPU
		{CE5E9DB3-0DAF-4D7A-9874-C0A02F930AE2}.Release|Any CPU.ActiveCfg = Release|Any CPU
		{CE5E9DB3-0DAF-4D7A-9874-C0A02F930AE2}.Release|Any CPU.Build.0 = Release|Any CPU
		{9BD038CF-8FF4-4E03-80C7-01E9E50C310A}.Debug|Any CPU.ActiveCfg = Debug|Any CPU
		{9BD038CF-8FF4-4E03-80C7-01E9E50C310A}.Debug|Any CPU.Build.0 = Debug|Any CPU
		{9BD038CF-8FF4-4E03-80C7-01E9E50C310A}.Release|Any CPU.ActiveCfg = Release|Any CPU
		{9BD038CF-8FF4-4E03-80C7-01E9E50C310A}.Release|Any CPU.Build.0 = Release|Any CPU
		{042E82B8-1149-4631-8113-5DD3C48A62B4}.Debug|Any CPU.ActiveCfg = Debug|Any CPU
		{042E82B8-1149-4631-8113-5DD3C48A62B4}.Debug|Any CPU.Build.0 = Debug|Any CPU
		{042E82B8-1149-4631-8113-5DD3C48A62B4}.Release|Any CPU.ActiveCfg = Release|Any CPU
		{042E82B8-1149-4631-8113-5DD3C48A62B4}.Release|Any CPU.Build.0 = Release|Any CPU
	EndGlobalSection
	GlobalSection(SolutionProperties) = preSolution
		HideSolutionNode = FALSE
	EndGlobalSection
	GlobalSection(ExtensibilityGlobals) = postSolution
		SolutionGuid = {5A1D123D-67DE-41A2-BAAB-B510CEB34FF0}
	EndGlobalSection
EndGlobal
