
Microsoft Visual Studio Solution File, Format Version 12.00
# Visual Studio Version 16
VisualStudioVersion = 16.0.30225.117
MinimumVisualStudioVersion = 10.0.40219.1
Project("{FAE04EC0-301F-11D3-BF4B-00C04F79EFBC}") = "ProblemOne", "ProblemOne\ProblemOne.csproj", "{5F4ED6B2-A880-41FC-8977-39998F508904}"
EndProject
Project("{FAE04EC0-301F-11D3-BF4B-00C04F79EFBC}") = "ProblemTwo", "ProblemTwo\ProblemTwo.csproj", "{F6DCD7E2-44D1-4760-B88F-152FC181196E}"
EndProject
Global
	GlobalSection(SolutionConfigurationPlatforms) = preSolution
		Debug|Any CPU = Debug|Any CPU
		Release|Any CPU = Release|Any CPU
	EndGlobalSection
	GlobalSection(ProjectConfigurationPlatforms) = postSolution
		{5F4ED6B2-A880-41FC-8977-39998F508904}.Debug|Any CPU.ActiveCfg = Debug|Any CPU
		{5F4ED6B2-A880-41FC-8977-39998F508904}.Debug|Any CPU.Build.0 = Debug|Any CPU
		{5F4ED6B2-A880-41FC-8977-39998F508904}.Release|Any CPU.ActiveCfg = Release|Any CPU
		{5F4ED6B2-A880-41FC-8977-39998F508904}.Release|Any CPU.Build.0 = Release|Any CPU
		{F6DCD7E2-44D1-4760-B88F-152FC181196E}.Debug|Any CPU.ActiveCfg = Debug|Any CPU
		{F6DCD7E2-44D1-4760-B88F-152FC181196E}.Debug|Any CPU.Build.0 = Debug|Any CPU
		{F6DCD7E2-44D1-4760-B88F-152FC181196E}.Release|Any CPU.ActiveCfg = Release|Any CPU
		{F6DCD7E2-44D1-4760-B88F-152FC181196E}.Release|Any CPU.Build.0 = Release|Any CPU
	EndGlobalSection
	GlobalSection(SolutionProperties) = preSolution
		HideSolutionNode = FALSE
	EndGlobalSection
	GlobalSection(ExtensibilityGlobals) = postSolution
		SolutionGuid = {276EC345-33E7-4B6B-A5D4-95CBA2BE7C7B}
	EndGlobalSection
EndGlobal
