
Microsoft Visual Studio Solution File, Format Version 12.00
# Visual Studio Version 16
VisualStudioVersion = 16.0.30225.117
MinimumVisualStudioVersion = 10.0.40219.1
Project("{FAE04EC0-301F-11D3-BF4B-00C04F79EFBC}") = "Problem 1", "Problem 1\Problem 1.csproj", "{73F5AE9B-183E-46DC-9516-9567D83532CD}"
EndProject
Project("{FAE04EC0-301F-11D3-BF4B-00C04F79EFBC}") = "Problem 2", "Problem 2\Problem 2.csproj", "{D684450D-6B32-4FA2-97B8-24C5D52333D1}"
EndProject
Project("{FAE04EC0-301F-11D3-BF4B-00C04F79EFBC}") = "Problem 3", "Problem 3\Problem 3.csproj", "{6372E763-3C16-411F-8642-6DD4F9CCAADD}"
EndProject
Global
	GlobalSection(SolutionConfigurationPlatforms) = preSolution
		Debug|Any CPU = Debug|Any CPU
		Release|Any CPU = Release|Any CPU
	EndGlobalSection
	GlobalSection(ProjectConfigurationPlatforms) = postSolution
		{73F5AE9B-183E-46DC-9516-9567D83532CD}.Debug|Any CPU.ActiveCfg = Debug|Any CPU
		{73F5AE9B-183E-46DC-9516-9567D83532CD}.Debug|Any CPU.Build.0 = Debug|Any CPU
		{73F5AE9B-183E-46DC-9516-9567D83532CD}.Release|Any CPU.ActiveCfg = Release|Any CPU
		{73F5AE9B-183E-46DC-9516-9567D83532CD}.Release|Any CPU.Build.0 = Release|Any CPU
		{D684450D-6B32-4FA2-97B8-24C5D52333D1}.Debug|Any CPU.ActiveCfg = Debug|Any CPU
		{D684450D-6B32-4FA2-97B8-24C5D52333D1}.Debug|Any CPU.Build.0 = Debug|Any CPU
		{D684450D-6B32-4FA2-97B8-24C5D52333D1}.Release|Any CPU.ActiveCfg = Release|Any CPU
		{D684450D-6B32-4FA2-97B8-24C5D52333D1}.Release|Any CPU.Build.0 = Release|Any CPU
		{6372E763-3C16-411F-8642-6DD4F9CCAADD}.Debug|Any CPU.ActiveCfg = Debug|Any CPU
		{6372E763-3C16-411F-8642-6DD4F9CCAADD}.Debug|Any CPU.Build.0 = Debug|Any CPU
		{6372E763-3C16-411F-8642-6DD4F9CCAADD}.Release|Any CPU.ActiveCfg = Release|Any CPU
		{6372E763-3C16-411F-8642-6DD4F9CCAADD}.Release|Any CPU.Build.0 = Release|Any CPU
	EndGlobalSection
	GlobalSection(SolutionProperties) = preSolution
		HideSolutionNode = FALSE
	EndGlobalSection
	GlobalSection(ExtensibilityGlobals) = postSolution
		SolutionGuid = {5D36FF6B-AA57-4634-8104-D553B5DCFF1A}
	EndGlobalSection
EndGlobal
