
Microsoft Visual Studio Solution File, Format Version 12.00
# Visual Studio Version 16
VisualStudioVersion = 16.0.30225.117
MinimumVisualStudioVersion = 10.0.40219.1
Project("{FAE04EC0-301F-11D3-BF4B-00C04F79EFBC}") = "AdAstra", "AdAstra\AdAstra.csproj", "{D0201332-0F5B-4EF6-BA6A-FA4ABEA7EDAB}"
EndProject
Project("{FAE04EC0-301F-11D3-BF4B-00C04F79EFBC}") = "Exercise2", "Exercise2\Exercise2.csproj", "{D2B71546-1976-4BAC-A491-B7B8D0A5465C}"
EndProject
Project("{FAE04EC0-301F-11D3-BF4B-00C04F79EFBC}") = "The Pianist", "The Pianist\The Pianist.csproj", "{0D93FEFA-B0CE-47AC-A521-A77B18EFC79D}"
EndProject
Global
	GlobalSection(SolutionConfigurationPlatforms) = preSolution
		Debug|Any CPU = Debug|Any CPU
		Release|Any CPU = Release|Any CPU
	EndGlobalSection
	GlobalSection(ProjectConfigurationPlatforms) = postSolution
		{D0201332-0F5B-4EF6-BA6A-FA4ABEA7EDAB}.Debug|Any CPU.ActiveCfg = Debug|Any CPU
		{D0201332-0F5B-4EF6-BA6A-FA4ABEA7EDAB}.Debug|Any CPU.Build.0 = Debug|Any CPU
		{D0201332-0F5B-4EF6-BA6A-FA4ABEA7EDAB}.Release|Any CPU.ActiveCfg = Release|Any CPU
		{D0201332-0F5B-4EF6-BA6A-FA4ABEA7EDAB}.Release|Any CPU.Build.0 = Release|Any CPU
		{D2B71546-1976-4BAC-A491-B7B8D0A5465C}.Debug|Any CPU.ActiveCfg = Debug|Any CPU
		{D2B71546-1976-4BAC-A491-B7B8D0A5465C}.Debug|Any CPU.Build.0 = Debug|Any CPU
		{D2B71546-1976-4BAC-A491-B7B8D0A5465C}.Release|Any CPU.ActiveCfg = Release|Any CPU
		{D2B71546-1976-4BAC-A491-B7B8D0A5465C}.Release|Any CPU.Build.0 = Release|Any CPU
		{0D93FEFA-B0CE-47AC-A521-A77B18EFC79D}.Debug|Any CPU.ActiveCfg = Debug|Any CPU
		{0D93FEFA-B0CE-47AC-A521-A77B18EFC79D}.Debug|Any CPU.Build.0 = Debug|Any CPU
		{0D93FEFA-B0CE-47AC-A521-A77B18EFC79D}.Release|Any CPU.ActiveCfg = Release|Any CPU
		{0D93FEFA-B0CE-47AC-A521-A77B18EFC79D}.Release|Any CPU.Build.0 = Release|Any CPU
	EndGlobalSection
	GlobalSection(SolutionProperties) = preSolution
		HideSolutionNode = FALSE
	EndGlobalSection
	GlobalSection(ExtensibilityGlobals) = postSolution
		SolutionGuid = {582FCF5F-F813-4D20-8298-365E6CB23CF3}
	EndGlobalSection
EndGlobal
